
Microsoft Visual Studio Solution File, Format Version 12.00
# Visual Studio Version 16
VisualStudioVersion = 16.0.31515.178
MinimumVisualStudioVersion = 10.0.40219.1
Project("{6989167D-11E4-40FE-8C1A-2192A86A7E90}") = "NelderMead", "NelderMead\NelderMead.vfproj", "{0FE323B6-C6B6-402B-825B-5420DF6FD3DD}"
EndProject
Global
	GlobalSection(SolutionConfigurationPlatforms) = preSolution
		Debug|x64 = Debug|x64
		Debug|x86 = Debug|x86
		Release|x64 = Release|x64
		Release|x86 = Release|x86
	EndGlobalSection
	GlobalSection(ProjectConfigurationPlatforms) = postSolution
		{0FE323B6-C6B6-402B-825B-5420DF6FD3DD}.Debug|x64.ActiveCfg = Debug|x64
		{0FE323B6-C6B6-402B-825B-5420DF6FD3DD}.Debug|x64.Build.0 = Debug|x64
		{0FE323B6-C6B6-402B-825B-5420DF6FD3DD}.Debug|x86.ActiveCfg = Debug|x64
		{0FE323B6-C6B6-402B-825B-5420DF6FD3DD}.Debug|x86.Build.0 = Debug|x64
		{0FE323B6-C6B6-402B-825B-5420DF6FD3DD}.Release|x64.ActiveCfg = Release|x64
		{0FE323B6-C6B6-402B-825B-5420DF6FD3DD}.Release|x64.Build.0 = Release|x64
		{0FE323B6-C6B6-402B-825B-5420DF6FD3DD}.Release|x86.ActiveCfg = Release|Win32
		{0FE323B6-C6B6-402B-825B-5420DF6FD3DD}.Release|x86.Build.0 = Release|Win32
	EndGlobalSection
	GlobalSection(SolutionProperties) = preSolution
		HideSolutionNode = FALSE
	EndGlobalSection
	GlobalSection(ExtensibilityGlobals) = postSolution
		SolutionGuid = {738177E0-797C-475E-929E-550CA2142276}
	EndGlobalSection
EndGlobal
